
Microsoft Visual Studio Solution File, Format Version 12.00
# Visual Studio Version 17
VisualStudioVersion = 17.9.34902.65
MinimumVisualStudioVersion = 10.0.40219.1
Project("{FAE04EC0-301F-11D3-BF4B-00C04F79EFBC}") = "StoredProcedure", "StoredProcedure\StoredProcedure.csproj", "{364F6C9B-9A8E-4A90-A912-DC1EB80FC21E}"
EndProject
Global
	GlobalSection(SolutionConfigurationPlatforms) = preSolution
		Debug|Any CPU = Debug|Any CPU
		Release|Any CPU = Release|Any CPU
	EndGlobalSection
	GlobalSection(ProjectConfigurationPlatforms) = postSolution
		{364F6C9B-9A8E-4A90-A912-DC1EB80FC21E}.Debug|Any CPU.ActiveCfg = Debug|Any CPU
		{364F6C9B-9A8E-4A90-A912-DC1EB80FC21E}.Debug|Any CPU.Build.0 = Debug|Any CPU
		{364F6C9B-9A8E-4A90-A912-DC1EB80FC21E}.Release|Any CPU.ActiveCfg = Release|Any CPU
		{364F6C9B-9A8E-4A90-A912-DC1EB80FC21E}.Release|Any CPU.Build.0 = Release|Any CPU
	EndGlobalSection
	GlobalSection(SolutionProperties) = preSolution
		HideSolutionNode = FALSE
	EndGlobalSection
	GlobalSection(ExtensibilityGlobals) = postSolution
		SolutionGuid = {4095B6CB-8549-4681-B912-4EA8A7EED9CE}
	EndGlobalSection
EndGlobal
